
Microsoft Visual Studio Solution File, Format Version 12.00
# Visual Studio 15
VisualStudioVersion = 15.0.27703.2000
MinimumVisualStudioVersion = 10.0.40219.1
Project("{FAE04EC0-301F-11D3-BF4B-00C04F79EFBC}") = "Modelos", "Modelos\Modelos.csproj", "{C24A12FD-1809-4138-ABAA-3EDD786593FC}"
EndProject
Project("{FAE04EC0-301F-11D3-BF4B-00C04F79EFBC}") = "Controllers", "Controllers\Controllers.csproj", "{A60831E7-D286-4E5C-A637-053C986A2789}"
EndProject
Project("{FAE04EC0-301F-11D3-BF4B-00C04F79EFBC}") = "View", "View\View.csproj", "{37C2FB7B-D508-438C-A7BF-4D26B0DBA0F3}"
EndProject
Global
	GlobalSection(SolutionConfigurationPlatforms) = preSolution
		Debug|Any CPU = Debug|Any CPU
		Release|Any CPU = Release|Any CPU
	EndGlobalSection
	GlobalSection(ProjectConfigurationPlatforms) = postSolution
		{C24A12FD-1809-4138-ABAA-3EDD786593FC}.Debug|Any CPU.ActiveCfg = Debug|Any CPU
		{C24A12FD-1809-4138-ABAA-3EDD786593FC}.Debug|Any CPU.Build.0 = Debug|Any CPU
		{C24A12FD-1809-4138-ABAA-3EDD786593FC}.Release|Any CPU.ActiveCfg = Release|Any CPU
		{C24A12FD-1809-4138-ABAA-3EDD786593FC}.Release|Any CPU.Build.0 = Release|Any CPU
		{A60831E7-D286-4E5C-A637-053C986A2789}.Debug|Any CPU.ActiveCfg = Debug|Any CPU
		{A60831E7-D286-4E5C-A637-053C986A2789}.Debug|Any CPU.Build.0 = Debug|Any CPU
		{A60831E7-D286-4E5C-A637-053C986A2789}.Release|Any CPU.ActiveCfg = Release|Any CPU
		{A60831E7-D286-4E5C-A637-053C986A2789}.Release|Any CPU.Build.0 = Release|Any CPU
		{37C2FB7B-D508-438C-A7BF-4D26B0DBA0F3}.Debug|Any CPU.ActiveCfg = Debug|Any CPU
		{37C2FB7B-D508-438C-A7BF-4D26B0DBA0F3}.Debug|Any CPU.Build.0 = Debug|Any CPU
		{37C2FB7B-D508-438C-A7BF-4D26B0DBA0F3}.Release|Any CPU.ActiveCfg = Release|Any CPU
		{37C2FB7B-D508-438C-A7BF-4D26B0DBA0F3}.Release|Any CPU.Build.0 = Release|Any CPU
	EndGlobalSection
	GlobalSection(SolutionProperties) = preSolution
		HideSolutionNode = FALSE
	EndGlobalSection
	GlobalSection(ExtensibilityGlobals) = postSolution
		SolutionGuid = {5EDE644C-22C6-472D-AD0E-B118522F76FD}
	EndGlobalSection
EndGlobal
